
Microsoft Visual Studio Solution File, Format Version 12.00
# Visual Studio Version 17
VisualStudioVersion = 17.0.31912.275
MinimumVisualStudioVersion = 10.0.40219.1
Project("{FAE04EC0-301F-11D3-BF4B-00C04F79EFBC}") = "HotelSotnikov483", "HotelSotnikov483\HotelSotnikov483.csproj", "{448D416F-4265-440E-BC24-CB5692BA6AD9}"
EndProject
Global
	GlobalSection(SolutionConfigurationPlatforms) = preSolution
		Debug|Any CPU = Debug|Any CPU
		Release|Any CPU = Release|Any CPU
	EndGlobalSection
	GlobalSection(ProjectConfigurationPlatforms) = postSolution
		{448D416F-4265-440E-BC24-CB5692BA6AD9}.Debug|Any CPU.ActiveCfg = Debug|Any CPU
		{448D416F-4265-440E-BC24-CB5692BA6AD9}.Debug|Any CPU.Build.0 = Debug|Any CPU
		{448D416F-4265-440E-BC24-CB5692BA6AD9}.Release|Any CPU.ActiveCfg = Release|Any CPU
		{448D416F-4265-440E-BC24-CB5692BA6AD9}.Release|Any CPU.Build.0 = Release|Any CPU
	EndGlobalSection
	GlobalSection(SolutionProperties) = preSolution
		HideSolutionNode = FALSE
	EndGlobalSection
	GlobalSection(ExtensibilityGlobals) = postSolution
		SolutionGuid = {F056AB9C-26BB-4224-BD2B-FACF87E5F5E6}
	EndGlobalSection
EndGlobal
